{
  "name": "naver-dictionary",
  "version": "1.0.0",
  "lockfileVersion": 3,
  "requires": true,
  "packages": {
    "": {
      "name": "naver-dictionary",
      "version": "1.0.0",
      "license": "ISC",
      "dependencies": {
        "chrome-types": "^0.1.232",
        "mustache": "^4.2.0"
      }
    },
    "node_modules/chrome-types": {
      "version": "0.1.232",
      "resolved": "https://registry.npmjs.org/chrome-types/-/chrome-types-0.1.232.tgz",
      "integrity": "sha512-3yTPyuiIOKPC/YjQt2nFgdup5rAcmt4GMoBvJryXk9PfMceKT20IOWwAjCs1314gqpPO9TOaa5Qh4fx0WW0Uzg=="
    },
    "node_modules/mustache": {
      "version": "4.2.0",
      "resolved": "https://registry.npmjs.org/mustache/-/mustache-4.2.0.tgz",
      "integrity": "sha512-71ippSywq5Yb7/tVYyGbkBggbU8H3u5Rz56fH60jGFgr8uHwxs+aSKeqmluIVzM0m0kB7xQjKS6qPfd0b2ZoqQ==",
      "bin": {
        "mustache": "bin/mustache"
      }
    }
  }
}
